
Microsoft Visual Studio Solution File, Format Version 12.00
# Visual Studio Version 17
VisualStudioVersion = 17.11.35327.3
MinimumVisualStudioVersion = 10.0.40219.1
Project("{9A19103F-16F7-4668-BE54-9A1E7A4F7556}") = "chapter03", "chapter03\chapter03.csproj", "{BC44A896-01A2-4220-9AAF-EC7EB342F590}"
EndProject
Project("{9A19103F-16F7-4668-BE54-9A1E7A4F7556}") = "chaper03-2", "chaper03-2\chaper03-2.csproj", "{EE0A31EE-FDDF-4CC2-8C4A-0E63A09202BE}"
EndProject
Global
	GlobalSection(SolutionConfigurationPlatforms) = preSolution
		Debug|Any CPU = Debug|Any CPU
		Release|Any CPU = Release|Any CPU
	EndGlobalSection
	GlobalSection(ProjectConfigurationPlatforms) = postSolution
		{BC44A896-01A2-4220-9AAF-EC7EB342F590}.Debug|Any CPU.ActiveCfg = Debug|Any CPU
		{BC44A896-01A2-4220-9AAF-EC7EB342F590}.Debug|Any CPU.Build.0 = Debug|Any CPU
		{BC44A896-01A2-4220-9AAF-EC7EB342F590}.Release|Any CPU.ActiveCfg = Release|Any CPU
		{BC44A896-01A2-4220-9AAF-EC7EB342F590}.Release|Any CPU.Build.0 = Release|Any CPU
		{EE0A31EE-FDDF-4CC2-8C4A-0E63A09202BE}.Debug|Any CPU.ActiveCfg = Debug|Any CPU
		{EE0A31EE-FDDF-4CC2-8C4A-0E63A09202BE}.Debug|Any CPU.Build.0 = Debug|Any CPU
		{EE0A31EE-FDDF-4CC2-8C4A-0E63A09202BE}.Release|Any CPU.ActiveCfg = Release|Any CPU
		{EE0A31EE-FDDF-4CC2-8C4A-0E63A09202BE}.Release|Any CPU.Build.0 = Release|Any CPU
	EndGlobalSection
	GlobalSection(SolutionProperties) = preSolution
		HideSolutionNode = FALSE
	EndGlobalSection
	GlobalSection(ExtensibilityGlobals) = postSolution
		SolutionGuid = {CCF12BA0-6861-43A8-8472-AB10475F59A1}
	EndGlobalSection
EndGlobal
