
Microsoft Visual Studio Solution File, Format Version 12.00
# Visual Studio Version 17
VisualStudioVersion = 17.11.35327.3
MinimumVisualStudioVersion = 10.0.40219.1
Project("{9A19103F-16F7-4668-BE54-9A1E7A4F7556}") = "chapter03-3", "chapter03\chapter03-3.csproj", "{968FD2E2-EF59-46C0-8879-7006892A7CAD}"
EndProject
Project("{9A19103F-16F7-4668-BE54-9A1E7A4F7556}") = "chapter03-4", "chapter03-4\chapter03-4.csproj", "{CFAFC265-A6AF-4F16-A471-9CD53E161D7D}"
EndProject
Project("{9A19103F-16F7-4668-BE54-9A1E7A4F7556}") = "chapter03-5", "chapter03-5\chapter03-5.csproj", "{2F0E2214-3F20-4881-85B1-B193547C506F}"
EndProject
Project("{9A19103F-16F7-4668-BE54-9A1E7A4F7556}") = "chapter03-6", "chapter03-6\chapter03-6.csproj", "{6C95B300-BADE-4074-973D-A5C888364351}"
EndProject
Project("{FAE04EC0-301F-11D3-BF4B-00C04F79EFBC}") = "chapter03-7", "chapter03-7\chapter03-7.csproj", "{4CAF5201-CE60-4429-84B7-DDAF2B8EA762}"
EndProject
Global
	GlobalSection(SolutionConfigurationPlatforms) = preSolution
		Debug|Any CPU = Debug|Any CPU
		Release|Any CPU = Release|Any CPU
	EndGlobalSection
	GlobalSection(ProjectConfigurationPlatforms) = postSolution
		{968FD2E2-EF59-46C0-8879-7006892A7CAD}.Debug|Any CPU.ActiveCfg = Debug|Any CPU
		{968FD2E2-EF59-46C0-8879-7006892A7CAD}.Debug|Any CPU.Build.0 = Debug|Any CPU
		{968FD2E2-EF59-46C0-8879-7006892A7CAD}.Release|Any CPU.ActiveCfg = Release|Any CPU
		{968FD2E2-EF59-46C0-8879-7006892A7CAD}.Release|Any CPU.Build.0 = Release|Any CPU
		{CFAFC265-A6AF-4F16-A471-9CD53E161D7D}.Debug|Any CPU.ActiveCfg = Debug|Any CPU
		{CFAFC265-A6AF-4F16-A471-9CD53E161D7D}.Debug|Any CPU.Build.0 = Debug|Any CPU
		{CFAFC265-A6AF-4F16-A471-9CD53E161D7D}.Release|Any CPU.ActiveCfg = Release|Any CPU
		{CFAFC265-A6AF-4F16-A471-9CD53E161D7D}.Release|Any CPU.Build.0 = Release|Any CPU
		{2F0E2214-3F20-4881-85B1-B193547C506F}.Debug|Any CPU.ActiveCfg = Debug|Any CPU
		{2F0E2214-3F20-4881-85B1-B193547C506F}.Debug|Any CPU.Build.0 = Debug|Any CPU
		{2F0E2214-3F20-4881-85B1-B193547C506F}.Release|Any CPU.ActiveCfg = Release|Any CPU
		{2F0E2214-3F20-4881-85B1-B193547C506F}.Release|Any CPU.Build.0 = Release|Any CPU
		{6C95B300-BADE-4074-973D-A5C888364351}.Debug|Any CPU.ActiveCfg = Debug|Any CPU
		{6C95B300-BADE-4074-973D-A5C888364351}.Debug|Any CPU.Build.0 = Debug|Any CPU
		{6C95B300-BADE-4074-973D-A5C888364351}.Release|Any CPU.ActiveCfg = Release|Any CPU
		{6C95B300-BADE-4074-973D-A5C888364351}.Release|Any CPU.Build.0 = Release|Any CPU
		{4CAF5201-CE60-4429-84B7-DDAF2B8EA762}.Debug|Any CPU.ActiveCfg = Debug|Any CPU
		{4CAF5201-CE60-4429-84B7-DDAF2B8EA762}.Debug|Any CPU.Build.0 = Debug|Any CPU
		{4CAF5201-CE60-4429-84B7-DDAF2B8EA762}.Release|Any CPU.ActiveCfg = Release|Any CPU
		{4CAF5201-CE60-4429-84B7-DDAF2B8EA762}.Release|Any CPU.Build.0 = Release|Any CPU
	EndGlobalSection
	GlobalSection(SolutionProperties) = preSolution
		HideSolutionNode = FALSE
	EndGlobalSection
	GlobalSection(ExtensibilityGlobals) = postSolution
		SolutionGuid = {93DFD6E3-3764-4BEB-8804-202DF96C9631}
	EndGlobalSection
EndGlobal
